
Microsoft Visual Studio Solution File, Format Version 12.00
# Visual Studio 15
VisualStudioVersion = 15.0.28010.2050
MinimumVisualStudioVersion = 10.0.40219.1
Project("{8BC9CEB8-8B4A-11D0-8D11-00A0C91BC942}") = "GitHub_for_VS_try1", "GitHub_for_VS_try1.vcxproj", "{8AD50F63-EE78-44B9-A581-85AB3298131B}"
EndProject
Global
	GlobalSection(SolutionConfigurationPlatforms) = preSolution
		Debug|x64 = Debug|x64
		Debug|x86 = Debug|x86
		Release|x64 = Release|x64
		Release|x86 = Release|x86
	EndGlobalSection
	GlobalSection(ProjectConfigurationPlatforms) = postSolution
		{8AD50F63-EE78-44B9-A581-85AB3298131B}.Debug|x64.ActiveCfg = Debug|x64
		{8AD50F63-EE78-44B9-A581-85AB3298131B}.Debug|x64.Build.0 = Debug|x64
		{8AD50F63-EE78-44B9-A581-85AB3298131B}.Debug|x86.ActiveCfg = Debug|Win32
		{8AD50F63-EE78-44B9-A581-85AB3298131B}.Debug|x86.Build.0 = Debug|Win32
		{8AD50F63-EE78-44B9-A581-85AB3298131B}.Release|x64.ActiveCfg = Release|x64
		{8AD50F63-EE78-44B9-A581-85AB3298131B}.Release|x64.Build.0 = Release|x64
		{8AD50F63-EE78-44B9-A581-85AB3298131B}.Release|x86.ActiveCfg = Release|Win32
		{8AD50F63-EE78-44B9-A581-85AB3298131B}.Release|x86.Build.0 = Release|Win32
	EndGlobalSection
	GlobalSection(SolutionProperties) = preSolution
		HideSolutionNode = FALSE
	EndGlobalSection
	GlobalSection(ExtensibilityGlobals) = postSolution
		SolutionGuid = {2FE67A6E-8743-44AA-AD09-408F8E8E2708}
	EndGlobalSection
EndGlobal
